
Microsoft Visual Studio Solution File, Format Version 12.00
# Visual Studio Version 17
VisualStudioVersion = 17.10.35122.118
MinimumVisualStudioVersion = 10.0.40219.1
Project("{2150E333-8FDC-42A3-9474-1A3956D46DE8}") = "DataAccess", "DataAccess", "{44A320EA-FDB3-462F-994F-2364C4F0AD37}"
EndProject
Project("{2150E333-8FDC-42A3-9474-1A3956D46DE8}") = "Business", "Business", "{77FFBE81-6768-46D5-A8C6-ABF7A650B35D}"
EndProject
Project("{2150E333-8FDC-42A3-9474-1A3956D46DE8}") = "Presentation", "Presentation", "{47207F4C-8010-4B7E-982D-74860DDE8095}"
EndProject
Project("{FAE04EC0-301F-11D3-BF4B-00C04F79EFBC}") = "Domain", "DataAccess\Domain\Domain.csproj", "{80E691DA-139E-4197-BF0A-EC64367EBEC1}"
EndProject
Project("{FAE04EC0-301F-11D3-BF4B-00C04F79EFBC}") = "Business", "Business\Business\Business.csproj", "{9A05F477-7F90-4076-830A-4DF5925584F0}"
EndProject
Project("{FAE04EC0-301F-11D3-BF4B-00C04F79EFBC}") = "API", "Presentation\API\API.csproj", "{7E0E1B9E-FE1E-4A6D-BA62-0938F1D8932A}"
EndProject
Project("{FAE04EC0-301F-11D3-BF4B-00C04F79EFBC}") = "DataTransferApp", "Presentation\DataTransferApp\DataTransferApp.csproj", "{FE2D193C-E905-4281-9647-EF8B788BD684}"
EndProject
Global
	GlobalSection(SolutionConfigurationPlatforms) = preSolution
		Debug|Any CPU = Debug|Any CPU
		Release|Any CPU = Release|Any CPU
	EndGlobalSection
	GlobalSection(ProjectConfigurationPlatforms) = postSolution
		{80E691DA-139E-4197-BF0A-EC64367EBEC1}.Debug|Any CPU.ActiveCfg = Debug|Any CPU
		{80E691DA-139E-4197-BF0A-EC64367EBEC1}.Debug|Any CPU.Build.0 = Debug|Any CPU
		{80E691DA-139E-4197-BF0A-EC64367EBEC1}.Release|Any CPU.ActiveCfg = Release|Any CPU
		{80E691DA-139E-4197-BF0A-EC64367EBEC1}.Release|Any CPU.Build.0 = Release|Any CPU
		{9A05F477-7F90-4076-830A-4DF5925584F0}.Debug|Any CPU.ActiveCfg = Debug|Any CPU
		{9A05F477-7F90-4076-830A-4DF5925584F0}.Debug|Any CPU.Build.0 = Debug|Any CPU
		{9A05F477-7F90-4076-830A-4DF5925584F0}.Release|Any CPU.ActiveCfg = Release|Any CPU
		{9A05F477-7F90-4076-830A-4DF5925584F0}.Release|Any CPU.Build.0 = Release|Any CPU
		{7E0E1B9E-FE1E-4A6D-BA62-0938F1D8932A}.Debug|Any CPU.ActiveCfg = Debug|Any CPU
		{7E0E1B9E-FE1E-4A6D-BA62-0938F1D8932A}.Debug|Any CPU.Build.0 = Debug|Any CPU
		{7E0E1B9E-FE1E-4A6D-BA62-0938F1D8932A}.Release|Any CPU.ActiveCfg = Release|Any CPU
		{7E0E1B9E-FE1E-4A6D-BA62-0938F1D8932A}.Release|Any CPU.Build.0 = Release|Any CPU
		{FE2D193C-E905-4281-9647-EF8B788BD684}.Debug|Any CPU.ActiveCfg = Debug|Any CPU
		{FE2D193C-E905-4281-9647-EF8B788BD684}.Debug|Any CPU.Build.0 = Debug|Any CPU
		{FE2D193C-E905-4281-9647-EF8B788BD684}.Release|Any CPU.ActiveCfg = Release|Any CPU
		{FE2D193C-E905-4281-9647-EF8B788BD684}.Release|Any CPU.Build.0 = Release|Any CPU
	EndGlobalSection
	GlobalSection(SolutionProperties) = preSolution
		HideSolutionNode = FALSE
	EndGlobalSection
	GlobalSection(NestedProjects) = preSolution
		{80E691DA-139E-4197-BF0A-EC64367EBEC1} = {44A320EA-FDB3-462F-994F-2364C4F0AD37}
		{9A05F477-7F90-4076-830A-4DF5925584F0} = {77FFBE81-6768-46D5-A8C6-ABF7A650B35D}
		{7E0E1B9E-FE1E-4A6D-BA62-0938F1D8932A} = {47207F4C-8010-4B7E-982D-74860DDE8095}
		{FE2D193C-E905-4281-9647-EF8B788BD684} = {47207F4C-8010-4B7E-982D-74860DDE8095}
	EndGlobalSection
	GlobalSection(ExtensibilityGlobals) = postSolution
		SolutionGuid = {349B0025-8A22-4AE2-9253-B0C4ECC1FEC8}
	EndGlobalSection
EndGlobal
